// !$*UTF8*$!
{
	archiveVersion = 1;
	classes = {
	};
	objectVersion = 50;
	objects = {

/* Begin PBXBuildFile section */
		4D68F2592099EF560097F56C /* AppDelegate.m in Sources */ = {isa = PBXBuildFile; fileRef = 4D68F2582099EF560097F56C /* AppDelegate.m */; };
		4D68F25C2099EF560097F56C /* ViewController.m in Sources */ = {isa = PBXBuildFile; fileRef = 4D68F25B2099EF560097F56C /* ViewController.m */; };
		4D68F25F2099EF560097F56C /* Main.storyboard in Resources */ = {isa = PBXBuildFile; fileRef = 4D68F25D2099EF560097F56C /* Main.storyboard */; };
		4D68F2612099EF570097F56C /* Assets.xcassets in Resources */ = {isa = PBXBuildFile; fileRef = 4D68F2602099EF570097F56C /* Assets.xcassets */; };
		4D68F2642099EF570097F56C /* LaunchScreen.storyboard in Resources */ = {isa = PBXBuildFile; fileRef = 4D68F2622099EF570097F56C /* LaunchScreen.storyboard */; };
		4D68F2672099EF570097F56C /* main.m in Sources */ = {isa = PBXBuildFile; fileRef = 4D68F2662099EF570097F56C /* main.m */; };
		4D68F26F2099F0D70097F56C /* MainController.m in Sources */ = {isa = PBXBuildFile; fileRef = 4D68F26E2099F0D70097F56C /* MainController.m */; };
		4D68F2722099F5120097F56C /* BlogController.m in Sources */ = {isa = PBXBuildFile; fileRef = 4D68F2712099F5120097F56C /* BlogController.m */; };
/* End PBXBuildFile section */

/* Begin PBXFileReference section */
		4D68F2542099EF560097F56C /* Awesome.app */ = {isa = PBXFileReference; explicitFileType = wrapper.application; includeInIndex = 0; path = Awesome.app; sourceTree = BUILT_PRODUCTS_DIR; };
		4D68F2572099EF560097F56C /* AppDelegate.h */ = {isa = PBXFileReference; lastKnownFileType = sourcecode.c.h; path = AppDelegate.h; sourceTree = "<group>"; };
		4D68F2582099EF560097F56C /* AppDelegate.m */ = {isa = PBXFileReference; lastKnownFileType = sourcecode.c.objc; path = AppDelegate.m; sourceTree = "<group>"; };
		4D68F25A2099EF560097F56C /* ViewController.h */ = {isa = PBXFileReference; lastKnownFileType = sourcecode.c.h; path = ViewController.h; sourceTree = "<group>"; };
		4D68F25B2099EF560097F56C /* ViewController.m */ = {isa = PBXFileReference; lastKnownFileType = sourcecode.c.objc; path = ViewController.m; sourceTree = "<group>"; };
		4D68F25E2099EF560097F56C /* Base */ = {isa = PBXFileReference; lastKnownFileType = file.storyboard; name = Base; path = Base.lproj/Main.storyboard; sourceTree = "<group>"; };
		4D68F2602099EF570097F56C /* Assets.xcassets */ = {isa = PBXFileReference; lastKnownFileType = folder.assetcatalog; path = Assets.xcassets; sourceTree = "<group>"; };
		4D68F2632099EF570097F56C /* Base */ = {isa = PBXFileReference; lastKnownFileType = file.storyboard; name = Base; path = Base.lproj/LaunchScreen.storyboard; sourceTree = "<group>"; };
		4D68F2652099EF570097F56C /* Info.plist */ = {isa = PBXFileReference; lastKnownFileType = text.plist.xml; path = Info.plist; sourceTree = "<group>"; };
		4D68F2662099EF570097F56C /* main.m */ = {isa = PBXFileReference; lastKnownFileType = sourcecode.c.objc; path = main.m; sourceTree = "<group>"; };
		4D68F26D2099F0D70097F56C /* MainController.h */ = {isa = PBXFileReference; lastKnownFileType = sourcecode.c.h; path = MainController.h; sourceTree = "<group>"; };
		4D68F26E2099F0D70097F56C /* MainController.m */ = {isa = PBXFileReference; lastKnownFileType = sourcecode.c.objc; path = MainController.m; sourceTree = "<group>"; };
		4D68F2702099F5120097F56C /* BlogController.h */ = {isa = PBXFileReference; lastKnownFileType = sourcecode.c.h; path = BlogController.h; sourceTree = "<group>"; };
		4D68F2712099F5120097F56C /* BlogController.m */ = {isa = PBXFileReference; lastKnownFileType = sourcecode.c.objc; path = BlogController.m; sourceTree = "<group>"; };
/* End PBXFileReference section */

/* Begin PBXFrameworksBuildPhase section */
		4D68F2512099EF560097F56C /* Frameworks */ = {
			isa = PBXFrameworksBuildPhase;
			buildActionMask = 2147483647;
			files = (
			);
			runOnlyForDeploymentPostprocessing = 0;
		};
/* End PBXFrameworksBuildPhase section */

/* Begin PBXGroup section */
		4D68F24B2099EF560097F56C = {
			isa = PBXGroup;
			children = (
				4D68F2562099EF560097F56C /* Awesome */,
				4D68F2552099EF560097F56C /* Products */,
			);
			sourceTree = "<group>";
		};
		4D68F2552099EF560097F56C /* Products */ = {
			isa = PBXGroup;
			children = (
				4D68F2542099EF560097F56C /* Awesome.app */,
			);
			name = Products;
			sourceTree = "<group>";
		};
		4D68F2562099EF560097F56C /* Awesome */ = {
			isa = PBXGroup;
			children = (
				4D68F2572099EF560097F56C /* AppDelegate.h */,
				4D68F2582099EF560097F56C /* AppDelegate.m */,
				4D68F25A2099EF560097F56C /* ViewController.h */,
				4D68F25B2099EF560097F56C /* ViewController.m */,
				4D68F26D2099F0D70097F56C /* MainController.h */,
				4D68F26E2099F0D70097F56C /* MainController.m */,
				4D68F2702099F5120097F56C /* BlogController.h */,
				4D68F2712099F5120097F56C /* BlogController.m */,
				4D68F25D2099EF560097F56C /* Main.storyboard */,
				4D68F2602099EF570097F56C /* Assets.xcassets */,
				4D68F2622099EF570097F56C /* LaunchScreen.storyboard */,
				4D68F2652099EF570097F56C /* Info.plist */,
				4D68F2662099EF570097F56C /* main.m */,
			);
			path = Awesome;
			sourceTree = "<group>";
		};
/* End PBXGroup section */

/* Begin PBXNativeTarget section */
		4D68F2532099EF560097F56C /* Awesome */ = {
			isa = PBXNativeTarget;
			buildConfigurationList = 4D68F26A2099EF570097F56C /* Build configuration list for PBXNativeTarget "Awesome" */;
			buildPhases = (
				4D68F2502099EF560097F56C /* Sources */,
				4D68F2512099EF560097F56C /* Frameworks */,
				4D68F2522099EF560097F56C /* Resources */,
			);
			buildRules = (
			);
			dependencies = (
			);
			name = Awesome;
			productName = Awesome;
			productReference = 4D68F2542099EF560097F56C /* Awesome.app */;
			productType = "com.apple.product-type.application";
		};
/* End PBXNativeTarget section */

/* Begin PBXProject section */
		4D68F24C2099EF560097F56C /* Project object */ = {
			isa = PBXProject;
			attributes = {
				LastUpgradeCheck = 0930;
				ORGANIZATIONNAME = laurent;
				TargetAttributes = {
					4D68F2532099EF560097F56C = {
						CreatedOnToolsVersion = 9.3;
					};
				};
			};
			buildConfigurationList = 4D68F24F2099EF560097F56C /* Build configuration list for PBXProject "Awesome" */;
			compatibilityVersion = "Xcode 9.3";
			developmentRegion = en;
			hasScannedForEncodings = 0;
			knownRegions = (
				en,
				Base,
			);
			mainGroup = 4D68F24B2099EF560097F56C;
			productRefGroup = 4D68F2552099EF560097F56C /* Products */;
			projectDirPath = "";
			projectRoot = "";
			targets = (
				4D68F2532099EF560097F56C /* Awesome */,
			);
		};
/* End PBXProject section */

/* Begin PBXResourcesBuildPhase section */
		4D68F2522099EF560097F56C /* Resources */ = {
			isa = PBXResourcesBuildPhase;
			buildActionMask = 2147483647;
			files = (
				4D68F2642099EF570097F56C /* LaunchScreen.storyboard in Resources */,
				4D68F2612099EF570097F56C /* Assets.xcassets in Resources */,
				4D68F25F2099EF560097F56C /* Main.storyboard in Resources */,
			);
			runOnlyForDeploymentPostprocessing = 0;
		};
/* End PBXResourcesBuildPhase section */

/* Begin PBXSourcesBuildPhase section */
		4D68F2502099EF560097F56C /* Sources */ = {
			isa = PBXSourcesBuildPhase;
			buildActionMask = 2147483647;
			files = (
				4D68F26F2099F0D70097F56C /* MainController.m in Sources */,
				4D68F2722099F5120097F56C /* BlogController.m in Sources */,
				4D68F25C2099EF560097F56C /* ViewController.m in Sources */,
				4D68F2672099EF570097F56C /* main.m in Sources */,
				4D68F2592099EF560097F56C /* AppDelegate.m in Sources */,
			);
			runOnlyForDeploymentPostprocessing = 0;
		};
/* End PBXSourcesBuildPhase section */

/* Begin PBXVariantGroup section */
		4D68F25D2099EF560097F56C /* Main.storyboard */ = {
			isa = PBXVariantGroup;
			children = (
				4D68F25E2099EF560097F56C /* Base */,
			);
			name = Main.storyboard;
			sourceTree = "<group>";
		};
		4D68F2622099EF570097F56C /* LaunchScreen.storyboard */ = {
			isa = PBXVariantGroup;
			children = (
				4D68F2632099EF570097F56C /* Base */,
			);
			name = LaunchScreen.storyboard;
			sourceTree = "<group>";
		};
/* End PBXVariantGroup section */

/* Begin XCBuildConfiguration section */
		4D68F2682099EF570097F56C /* Debug */ = {
			isa = XCBuildConfiguration;
			buildSettings = {
				ALWAYS_SEARCH_USER_PATHS = NO;
				CLANG_ANALYZER_NONNULL = YES;
				CLANG_ANALYZER_NUMBER_OBJECT_CONVERSION = YES_AGGRESSIVE;
				CLANG_CXX_LANGUAGE_STANDARD = "gnu++14";
				CLANG_CXX_LIBRARY = "libc++";
				CLANG_ENABLE_MODULES = YES;
				CLANG_ENABLE_OBJC_ARC = YES;
				CLANG_ENABLE_OBJC_WEAK = YES;
				CLANG_WARN_BLOCK_CAPTURE_AUTORELEASING = YES;
				CLANG_WARN_BOOL_CONVERSION = YES;
				CLANG_WARN_COMMA = YES;
				CLANG_WARN_CONSTANT_CONVERSION = YES;
				CLANG_WARN_DEPRECATED_OBJC_IMPLEMENTATIONS = YES;
				CLANG_WARN_DIRECT_OBJC_ISA_USAGE = YES_ERROR;
				CLANG_WARN_DOCUMENTATION_COMMENTS = YES;
				CLANG_WARN_EMPTY_BODY = YES;
				CLANG_WARN_ENUM_CONVERSION = YES;
				CLANG_WARN_INFINITE_RECURSION = YES;
				CLANG_WARN_INT_CONVERSION = YES;
				CLANG_WARN_NON_LITERAL_NULL_CONVERSION = YES;
				CLANG_WARN_OBJC_IMPLICIT_RETAIN_SELF = YES;
				CLANG_WARN_OBJC_LITERAL_CONVERSION = YES;
				CLANG_WARN_OBJC_ROOT_CLASS = YES_ERROR;
				CLANG_WARN_RANGE_LOOP_ANALYSIS = YES;
				CLANG_WARN_STRICT_PROTOTYPES = YES;
				CLANG_WARN_SUSPICIOUS_MOVE = YES;
				CLANG_WARN_UNGUARDED_AVAILABILITY = YES_AGGRESSIVE;
				CLANG_WARN_UNREACHABLE_CODE = YES;
				CLANG_WARN__DUPLICATE_METHOD_MATCH = YES;
				CODE_SIGN_IDENTITY = "iPhone Developer";
				COPY_PHASE_STRIP = NO;
				DEBUG_INFORMATION_FORMAT = dwarf;
				ENABLE_STRICT_OBJC_MSGSEND = YES;
				ENABLE_TESTABILITY = YES;
				GCC_C_LANGUAGE_STANDARD = gnu11;
				GCC_DYNAMIC_NO_PIC = NO;
				GCC_NO_COMMON_BLOCKS = YES;
				GCC_OPTIMIZATION_LEVEL = 0;
				GCC_PREPROCESSOR_DEFINITIONS = (
					"DEBUG=1",
					"$(inherited)",
				);
				GCC_WARN_64_TO_32_BIT_CONVERSION = YES;
				GCC_WARN_ABOUT_RETURN_TYPE = YES_ERROR;
				GCC_WARN_UNDECLARED_SELECTOR = YES;
				GCC_WARN_UNINITIALIZED_AUTOS = YES_AGGRESSIVE;
				GCC_WARN_UNUSED_FUNCTION = YES;
				GCC_WARN_UNUSED_VARIABLE = YES;
				IPHONEOS_DEPLOYMENT_TARGET = 11.3;
				MTL_ENABLE_DEBUG_INFO = YES;
				ONLY_ACTIVE_ARCH = YES;
				SDKROOT = iphoneos;
			};
			name = Debug;
		};
		4D68F2692099EF570097F56C /* Release */ = {
			isa = XCBuildConfiguration;
			buildSettings = {
				ALWAYS_SEARCH_USER_PATHS = NO;
				CLANG_ANALYZER_NONNULL = YES;
				CLANG_ANALYZER_NUMBER_OBJECT_CONVERSION = YES_AGGRESSIVE;
				CLANG_CXX_LANGUAGE_STANDARD = "gnu++14";
				CLANG_CXX_LIBRARY = "libc++";
				CLANG_ENABLE_MODULES = YES;
				CLANG_ENABLE_OBJC_ARC = YES;
				CLANG_ENABLE_OBJC_WEAK = YES;
				CLANG_WARN_BLOCK_CAPTURE_AUTORELEASING = YES;
				CLANG_WARN_BOOL_CONVERSION = YES;
				CLANG_WARN_COMMA = YES;
				CLANG_WARN_CONSTANT_CONVERSION = YES;
				CLANG_WARN_DEPRECATED_OBJC_IMPLEMENTATIONS = YES;
				CLANG_WARN_DIRECT_OBJC_ISA_USAGE = YES_ERROR;
				CLANG_WARN_DOCUMENTATION_COMMENTS = YES;
				CLANG_WARN_EMPTY_BODY = YES;
				CLANG_WARN_ENUM_CONVERSION = YES;
				CLANG_WARN_INFINITE_RECURSION = YES;
				CLANG_WARN_INT_CONVERSION = YES;
				CLANG_WARN_NON_LITERAL_NULL_CONVERSION = YES;
				CLANG_WARN_OBJC_IMPLICIT_RETAIN_SELF = YES;
				CLANG_WARN_OBJC_LITERAL_CONVERSION = YES;
				CLANG_WARN_OBJC_ROOT_CLASS = YES_ERROR;
				CLANG_WARN_RANGE_LOOP_ANALYSIS = YES;
				CLANG_WARN_STRICT_PROTOTYPES = YES;
				CLANG_WARN_SUSPICIOUS_MOVE = YES;
				CLANG_WARN_UNGUARDED_AVAILABILITY = YES_AGGRESSIVE;
				CLANG_WARN_UNREACHABLE_CODE = YES;
				CLANG_WARN__DUPLICATE_METHOD_MATCH = YES;
				CODE_SIGN_IDENTITY = "iPhone Developer";
				COPY_PHASE_STRIP = NO;
				DEBUG_INFORMATION_FORMAT = "dwarf-with-dsym";
				ENABLE_NS_ASSERTIONS = NO;
				ENABLE_STRICT_OBJC_MSGSEND = YES;
				GCC_C_LANGUAGE_STANDARD = gnu11;
				GCC_NO_COMMON_BLOCKS = YES;
				GCC_WARN_64_TO_32_BIT_CONVERSION = YES;
				GCC_WARN_ABOUT_RETURN_TYPE = YES_ERROR;
				GCC_WARN_UNDECLARED_SELECTOR = YES;
				GCC_WARN_UNINITIALIZED_AUTOS = YES_AGGRESSIVE;
				GCC_WARN_UNUSED_FUNCTION = YES;
				GCC_WARN_UNUSED_VARIABLE = YES;
				IPHONEOS_DEPLOYMENT_TARGET = 11.3;
				MTL_ENABLE_DEBUG_INFO = NO;
				SDKROOT = iphoneos;
				VALIDATE_PRODUCT = YES;
			};
			name = Release;
		};
		4D68F26B2099EF570097F56C /* Debug */ = {
			isa = XCBuildConfiguration;
			buildSettings = {
				ASSETCATALOG_COMPILER_APPICON_NAME = AppIcon;
				CODE_SIGN_STYLE = Automatic;
				DEVELOPMENT_TEAM = HG8675PSVM;
				INFOPLIST_FILE = Awesome/Info.plist;
				LD_RUNPATH_SEARCH_PATHS = (
					"$(inherited)",
					"@executable_path/Frameworks",
				);
				PRODUCT_BUNDLE_IDENTIFIER = com.laurent.Awesome;
				PRODUCT_NAME = "$(TARGET_NAME)";
				TARGETED_DEVICE_FAMILY = "1,2";
			};
			name = Debug;
		};
		4D68F26C2099EF570097F56C /* Release */ = {
			isa = XCBuildConfiguration;
			buildSettings = {
				ASSETCATALOG_COMPILER_APPICON_NAME = AppIcon;
				CODE_SIGN_STYLE = Automatic;
				DEVELOPMENT_TEAM = HG8675PSVM;
				INFOPLIST_FILE = Awesome/Info.plist;
				LD_RUNPATH_SEARCH_PATHS = (
					"$(inherited)",
					"@executable_path/Frameworks",
				);
				PRODUCT_BUNDLE_IDENTIFIER = com.laurent.Awesome;
				PRODUCT_NAME = "$(TARGET_NAME)";
				TARGETED_DEVICE_FAMILY = "1,2";
			};
			name = Release;
		};
/* End XCBuildConfiguration section */

/* Begin XCConfigurationList section */
		4D68F24F2099EF560097F56C /* Build configuration list for PBXProject "Awesome" */ = {
			isa = XCConfigurationList;
			buildConfigurations = (
				4D68F2682099EF570097F56C /* Debug */,
				4D68F2692099EF570097F56C /* Release */,
			);
			defaultConfigurationIsVisible = 0;
			defaultConfigurationName = Release;
		};
		4D68F26A2099EF570097F56C /* Build configuration list for PBXNativeTarget "Awesome" */ = {
			isa = XCConfigurationList;
			buildConfigurations = (
				4D68F26B2099EF570097F56C /* Debug */,
				4D68F26C2099EF570097F56C /* Release */,
			);
			defaultConfigurationIsVisible = 0;
			defaultConfigurationName = Release;
		};
/* End XCConfigurationList section */
	};
	rootObject = 4D68F24C2099EF560097F56C /* Project object */;
}
